
Microsoft Visual Studio Solution File, Format Version 12.00
Project("{FAE04EC0-301F-11D3-BF4B-00C04F79EFBC}") = "MultidimensionalDispatcher", "MultidimensionalDispatcher\MultidimensionalDispatcher.csproj", "{EBAA7B8F-E72D-47EC-BC2D-158057434545}"
EndProject
Global
	GlobalSection(SolutionConfigurationPlatforms) = preSolution
		Debug|Any CPU = Debug|Any CPU
		Release|Any CPU = Release|Any CPU
	EndGlobalSection
	GlobalSection(ProjectConfigurationPlatforms) = postSolution
		{EBAA7B8F-E72D-47EC-BC2D-158057434545}.Debug|Any CPU.ActiveCfg = Debug|Any CPU
		{EBAA7B8F-E72D-47EC-BC2D-158057434545}.Debug|Any CPU.Build.0 = Debug|Any CPU
		{EBAA7B8F-E72D-47EC-BC2D-158057434545}.Release|Any CPU.ActiveCfg = Release|Any CPU
		{EBAA7B8F-E72D-47EC-BC2D-158057434545}.Release|Any CPU.Build.0 = Release|Any CPU
	EndGlobalSection
EndGlobal
